// !$*UTF8*$!
{
	archiveVersion = 1;
	classes = {
	};
	objectVersion = 48;
	objects = {

/* Begin PBXBuildFile section */
		E00449F4215EA8D6004DC15F /* autoCompleteInLine.swift in Sources */ = {isa = PBXBuildFile; fileRef = E00449F3215EA8D6004DC15F /* autoCompleteInLine.swift */; };
		E00449F82160E74F004DC15F /* keyboard.swift in Sources */ = {isa = PBXBuildFile; fileRef = E00449F72160E74F004DC15F /* keyboard.swift */; };
		E0487B842162444A00843B99 /* jsonParser.swift in Sources */ = {isa = PBXBuildFile; fileRef = E0487B832162444A00843B99 /* jsonParser.swift */; };
		E04EAD3D215A2B40007A6CE0 /* cityDawn.jpg in Resources */ = {isa = PBXBuildFile; fileRef = E04EAD37215A2B3F007A6CE0 /* cityDawn.jpg */; };
		E04EAD3E215A2B40007A6CE0 /* cityNight.jpg in Resources */ = {isa = PBXBuildFile; fileRef = E04EAD38215A2B3F007A6CE0 /* cityNight.jpg */; };
		E04EAD3F215A2B40007A6CE0 /* snow.jpg in Resources */ = {isa = PBXBuildFile; fileRef = E04EAD39215A2B3F007A6CE0 /* snow.jpg */; };
		E04EAD40215A2B40007A6CE0 /* sunGC.jpg in Resources */ = {isa = PBXBuildFile; fileRef = E04EAD3A215A2B3F007A6CE0 /* sunGC.jpg */; };
		E04EAD41215A2B40007A6CE0 /* sunForest.jpg in Resources */ = {isa = PBXBuildFile; fileRef = E04EAD3B215A2B3F007A6CE0 /* sunForest.jpg */; };
		E04EAD42215A2B40007A6CE0 /* rain.jpg in Resources */ = {isa = PBXBuildFile; fileRef = E04EAD3C215A2B3F007A6CE0 /* rain.jpg */; };
		E04EAD44215A2B8B007A6CE0 /* getWeather.swift in Sources */ = {isa = PBXBuildFile; fileRef = E04EAD43215A2B8B007A6CE0 /* getWeather.swift */; };
		E04EAD46215A2DA8007A6CE0 /* blurEffect.swift in Sources */ = {isa = PBXBuildFile; fileRef = E04EAD45215A2DA8007A6CE0 /* blurEffect.swift */; };
		E04EAD4C215A4391007A6CE0 /* autoComplete.swift in Sources */ = {isa = PBXBuildFile; fileRef = E04EAD4B215A4391007A6CE0 /* autoComplete.swift */; };
		E08533AC2166105A009359F4 /* fileWriter.swift in Sources */ = {isa = PBXBuildFile; fileRef = E08533AB2166105A009359F4 /* fileWriter.swift */; };
		E0D934FC216783FA007D73B5 /* alphabeticSortedJson.json in Resources */ = {isa = PBXBuildFile; fileRef = E0D934FB216783FA007D73B5 /* alphabeticSortedJson.json */; };
		E0E12C352159153B00A28388 /* AppDelegate.swift in Sources */ = {isa = PBXBuildFile; fileRef = E0E12C342159153B00A28388 /* AppDelegate.swift */; };
		E0E12C372159153B00A28388 /* ViewController.swift in Sources */ = {isa = PBXBuildFile; fileRef = E0E12C362159153B00A28388 /* ViewController.swift */; };
		E0E12C3A2159153B00A28388 /* Main.storyboard in Resources */ = {isa = PBXBuildFile; fileRef = E0E12C382159153B00A28388 /* Main.storyboard */; };
		E0E12C3C2159153B00A28388 /* Assets.xcassets in Resources */ = {isa = PBXBuildFile; fileRef = E0E12C3B2159153B00A28388 /* Assets.xcassets */; };
		E0E12C3F2159153B00A28388 /* LaunchScreen.storyboard in Resources */ = {isa = PBXBuildFile; fileRef = E0E12C3D2159153B00A28388 /* LaunchScreen.storyboard */; };
/* End PBXBuildFile section */

/* Begin PBXFileReference section */
		E00449F3215EA8D6004DC15F /* autoCompleteInLine.swift */ = {isa = PBXFileReference; lastKnownFileType = sourcecode.swift; path = autoCompleteInLine.swift; sourceTree = "<group>"; };
		E00449F72160E74F004DC15F /* keyboard.swift */ = {isa = PBXFileReference; lastKnownFileType = sourcecode.swift; path = keyboard.swift; sourceTree = "<group>"; };
		E0487B832162444A00843B99 /* jsonParser.swift */ = {isa = PBXFileReference; lastKnownFileType = sourcecode.swift; path = jsonParser.swift; sourceTree = "<group>"; };
		E04EAD37215A2B3F007A6CE0 /* cityDawn.jpg */ = {isa = PBXFileReference; lastKnownFileType = image.jpeg; path = cityDawn.jpg; sourceTree = "<group>"; };
		E04EAD38215A2B3F007A6CE0 /* cityNight.jpg */ = {isa = PBXFileReference; lastKnownFileType = image.jpeg; path = cityNight.jpg; sourceTree = "<group>"; };
		E04EAD39215A2B3F007A6CE0 /* snow.jpg */ = {isa = PBXFileReference; lastKnownFileType = image.jpeg; path = snow.jpg; sourceTree = "<group>"; };
		E04EAD3A215A2B3F007A6CE0 /* sunGC.jpg */ = {isa = PBXFileReference; lastKnownFileType = image.jpeg; path = sunGC.jpg; sourceTree = "<group>"; };
		E04EAD3B215A2B3F007A6CE0 /* sunForest.jpg */ = {isa = PBXFileReference; lastKnownFileType = image.jpeg; path = sunForest.jpg; sourceTree = "<group>"; };
		E04EAD3C215A2B3F007A6CE0 /* rain.jpg */ = {isa = PBXFileReference; lastKnownFileType = image.jpeg; path = rain.jpg; sourceTree = "<group>"; };
		E04EAD43215A2B8B007A6CE0 /* getWeather.swift */ = {isa = PBXFileReference; lastKnownFileType = sourcecode.swift; path = getWeather.swift; sourceTree = "<group>"; };
		E04EAD45215A2DA8007A6CE0 /* blurEffect.swift */ = {isa = PBXFileReference; lastKnownFileType = sourcecode.swift; path = blurEffect.swift; sourceTree = "<group>"; };
		E04EAD4B215A4391007A6CE0 /* autoComplete.swift */ = {isa = PBXFileReference; lastKnownFileType = sourcecode.swift; path = autoComplete.swift; sourceTree = "<group>"; };
		E08533AB2166105A009359F4 /* fileWriter.swift */ = {isa = PBXFileReference; lastKnownFileType = sourcecode.swift; path = fileWriter.swift; sourceTree = "<group>"; };
		E0D934FB216783FA007D73B5 /* alphabeticSortedJson.json */ = {isa = PBXFileReference; fileEncoding = 4; lastKnownFileType = text.json; path = alphabeticSortedJson.json; sourceTree = "<group>"; };
		E0E12C312159153B00A28388 /* weatherFinder.app */ = {isa = PBXFileReference; explicitFileType = wrapper.application; includeInIndex = 0; path = weatherFinder.app; sourceTree = BUILT_PRODUCTS_DIR; };
		E0E12C342159153B00A28388 /* AppDelegate.swift */ = {isa = PBXFileReference; lastKnownFileType = sourcecode.swift; path = AppDelegate.swift; sourceTree = "<group>"; };
		E0E12C362159153B00A28388 /* ViewController.swift */ = {isa = PBXFileReference; lastKnownFileType = sourcecode.swift; path = ViewController.swift; sourceTree = "<group>"; };
		E0E12C392159153B00A28388 /* Base */ = {isa = PBXFileReference; lastKnownFileType = file.storyboard; name = Base; path = Base.lproj/Main.storyboard; sourceTree = "<group>"; };
		E0E12C3B2159153B00A28388 /* Assets.xcassets */ = {isa = PBXFileReference; lastKnownFileType = folder.assetcatalog; path = Assets.xcassets; sourceTree = "<group>"; };
		E0E12C3E2159153B00A28388 /* Base */ = {isa = PBXFileReference; lastKnownFileType = file.storyboard; name = Base; path = Base.lproj/LaunchScreen.storyboard; sourceTree = "<group>"; };
		E0E12C402159153B00A28388 /* Info.plist */ = {isa = PBXFileReference; lastKnownFileType = text.plist.xml; path = Info.plist; sourceTree = "<group>"; };
/* End PBXFileReference section */

/* Begin PBXFrameworksBuildPhase section */
		E0E12C2E2159153B00A28388 /* Frameworks */ = {
			isa = PBXFrameworksBuildPhase;
			buildActionMask = 2147483647;
			files = (
			);
			runOnlyForDeploymentPostprocessing = 0;
		};
/* End PBXFrameworksBuildPhase section */

/* Begin PBXGroup section */
		E00449FA21610110004DC15F /* ViewController */ = {
			isa = PBXGroup;
			children = (
				E0E12C362159153B00A28388 /* ViewController.swift */,
				E00449F72160E74F004DC15F /* keyboard.swift */,
				E00449F3215EA8D6004DC15F /* autoCompleteInLine.swift */,
				E04EAD4B215A4391007A6CE0 /* autoComplete.swift */,
			);
			path = ViewController;
			sourceTree = "<group>";
		};
		E0487B852162445B00843B99 /* JSON */ = {
			isa = PBXGroup;
			children = (
				E0D934FB216783FA007D73B5 /* alphabeticSortedJson.json */,
				E0487B832162444A00843B99 /* jsonParser.swift */,
				E08533AB2166105A009359F4 /* fileWriter.swift */,
			);
			path = JSON;
			sourceTree = "<group>";
		};
		E04EAD36215A2B3F007A6CE0 /* weatherPics */ = {
			isa = PBXGroup;
			children = (
				E04EAD37215A2B3F007A6CE0 /* cityDawn.jpg */,
				E04EAD38215A2B3F007A6CE0 /* cityNight.jpg */,
				E04EAD39215A2B3F007A6CE0 /* snow.jpg */,
				E04EAD3A215A2B3F007A6CE0 /* sunGC.jpg */,
				E04EAD3B215A2B3F007A6CE0 /* sunForest.jpg */,
				E04EAD3C215A2B3F007A6CE0 /* rain.jpg */,
			);
			path = weatherPics;
			sourceTree = "<group>";
		};
		E0E12C282159153B00A28388 = {
			isa = PBXGroup;
			children = (
				E0E12C332159153B00A28388 /* weatherFinder */,
				E0E12C322159153B00A28388 /* Products */,
			);
			sourceTree = "<group>";
		};
		E0E12C322159153B00A28388 /* Products */ = {
			isa = PBXGroup;
			children = (
				E0E12C312159153B00A28388 /* weatherFinder.app */,
			);
			name = Products;
			sourceTree = "<group>";
		};
		E0E12C332159153B00A28388 /* weatherFinder */ = {
			isa = PBXGroup;
			children = (
				E04EAD43215A2B8B007A6CE0 /* getWeather.swift */,
				E00449FA21610110004DC15F /* ViewController */,
				E0E12C342159153B00A28388 /* AppDelegate.swift */,
				E04EAD45215A2DA8007A6CE0 /* blurEffect.swift */,
				E0E12C382159153B00A28388 /* Main.storyboard */,
				E0487B852162445B00843B99 /* JSON */,
				E04EAD36215A2B3F007A6CE0 /* weatherPics */,
				E0E12C3B2159153B00A28388 /* Assets.xcassets */,
				E0E12C3D2159153B00A28388 /* LaunchScreen.storyboard */,
				E0E12C402159153B00A28388 /* Info.plist */,
			);
			path = weatherFinder;
			sourceTree = "<group>";
		};
/* End PBXGroup section */

/* Begin PBXNativeTarget section */
		E0E12C302159153B00A28388 /* weatherFinder */ = {
			isa = PBXNativeTarget;
			buildConfigurationList = E0E12C432159153B00A28388 /* Build configuration list for PBXNativeTarget "weatherFinder" */;
			buildPhases = (
				E0E12C2D2159153B00A28388 /* Sources */,
				E0E12C2E2159153B00A28388 /* Frameworks */,
				E0E12C2F2159153B00A28388 /* Resources */,
			);
			buildRules = (
			);
			dependencies = (
			);
			name = weatherFinder;
			productName = weatherFinder;
			productReference = E0E12C312159153B00A28388 /* weatherFinder.app */;
			productType = "com.apple.product-type.application";
		};
/* End PBXNativeTarget section */

/* Begin PBXProject section */
		E0E12C292159153B00A28388 /* Project object */ = {
			isa = PBXProject;
			attributes = {
				LastSwiftUpdateCheck = 0920;
				LastUpgradeCheck = 0920;
				ORGANIZATIONNAME = None;
				TargetAttributes = {
					E0E12C302159153B00A28388 = {
						CreatedOnToolsVersion = 9.2;
						ProvisioningStyle = Automatic;
					};
				};
			};
			buildConfigurationList = E0E12C2C2159153B00A28388 /* Build configuration list for PBXProject "weatherFinder" */;
			compatibilityVersion = "Xcode 8.0";
			developmentRegion = en;
			hasScannedForEncodings = 0;
			knownRegions = (
				en,
				Base,
			);
			mainGroup = E0E12C282159153B00A28388;
			productRefGroup = E0E12C322159153B00A28388 /* Products */;
			projectDirPath = "";
			projectRoot = "";
			targets = (
				E0E12C302159153B00A28388 /* weatherFinder */,
			);
		};
/* End PBXProject section */

/* Begin PBXResourcesBuildPhase section */
		E0E12C2F2159153B00A28388 /* Resources */ = {
			isa = PBXResourcesBuildPhase;
			buildActionMask = 2147483647;
			files = (
				E04EAD40215A2B40007A6CE0 /* sunGC.jpg in Resources */,
				E04EAD42215A2B40007A6CE0 /* rain.jpg in Resources */,
				E0E12C3F2159153B00A28388 /* LaunchScreen.storyboard in Resources */,
				E04EAD3E215A2B40007A6CE0 /* cityNight.jpg in Resources */,
				E0E12C3C2159153B00A28388 /* Assets.xcassets in Resources */,
				E04EAD3D215A2B40007A6CE0 /* cityDawn.jpg in Resources */,
				E04EAD41215A2B40007A6CE0 /* sunForest.jpg in Resources */,
				E0D934FC216783FA007D73B5 /* alphabeticSortedJson.json in Resources */,
				E04EAD3F215A2B40007A6CE0 /* snow.jpg in Resources */,
				E0E12C3A2159153B00A28388 /* Main.storyboard in Resources */,
			);
			runOnlyForDeploymentPostprocessing = 0;
		};
/* End PBXResourcesBuildPhase section */

/* Begin PBXSourcesBuildPhase section */
		E0E12C2D2159153B00A28388 /* Sources */ = {
			isa = PBXSourcesBuildPhase;
			buildActionMask = 2147483647;
			files = (
				E00449F4215EA8D6004DC15F /* autoCompleteInLine.swift in Sources */,
				E08533AC2166105A009359F4 /* fileWriter.swift in Sources */,
				E04EAD4C215A4391007A6CE0 /* autoComplete.swift in Sources */,
				E0487B842162444A00843B99 /* jsonParser.swift in Sources */,
				E0E12C372159153B00A28388 /* ViewController.swift in Sources */,
				E00449F82160E74F004DC15F /* keyboard.swift in Sources */,
				E04EAD46215A2DA8007A6CE0 /* blurEffect.swift in Sources */,
				E04EAD44215A2B8B007A6CE0 /* getWeather.swift in Sources */,
				E0E12C352159153B00A28388 /* AppDelegate.swift in Sources */,
			);
			runOnlyForDeploymentPostprocessing = 0;
		};
/* End PBXSourcesBuildPhase section */

/* Begin PBXVariantGroup section */
		E0E12C382159153B00A28388 /* Main.storyboard */ = {
			isa = PBXVariantGroup;
			children = (
				E0E12C392159153B00A28388 /* Base */,
			);
			name = Main.storyboard;
			sourceTree = "<group>";
		};
		E0E12C3D2159153B00A28388 /* LaunchScreen.storyboard */ = {
			isa = PBXVariantGroup;
			children = (
				E0E12C3E2159153B00A28388 /* Base */,
			);
			name = LaunchScreen.storyboard;
			sourceTree = "<group>";
		};
/* End PBXVariantGroup section */

/* Begin XCBuildConfiguration section */
		E0E12C412159153B00A28388 /* Debug */ = {
			isa = XCBuildConfiguration;
			buildSettings = {
				ALWAYS_SEARCH_USER_PATHS = NO;
				CLANG_ANALYZER_NONNULL = YES;
				CLANG_ANALYZER_NUMBER_OBJECT_CONVERSION = YES_AGGRESSIVE;
				CLANG_CXX_LANGUAGE_STANDARD = "gnu++14";
				CLANG_CXX_LIBRARY = "libc++";
				CLANG_ENABLE_MODULES = YES;
				CLANG_ENABLE_OBJC_ARC = YES;
				CLANG_WARN_BLOCK_CAPTURE_AUTORELEASING = YES;
				CLANG_WARN_BOOL_CONVERSION = YES;
				CLANG_WARN_COMMA = YES;
				CLANG_WARN_CONSTANT_CONVERSION = YES;
				CLANG_WARN_DIRECT_OBJC_ISA_USAGE = YES_ERROR;
				CLANG_WARN_DOCUMENTATION_COMMENTS = YES;
				CLANG_WARN_EMPTY_BODY = YES;
				CLANG_WARN_ENUM_CONVERSION = YES;
				CLANG_WARN_INFINITE_RECURSION = YES;
				CLANG_WARN_INT_CONVERSION = YES;
				CLANG_WARN_NON_LITERAL_NULL_CONVERSION = YES;
				CLANG_WARN_OBJC_LITERAL_CONVERSION = YES;
				CLANG_WARN_OBJC_ROOT_CLASS = YES_ERROR;
				CLANG_WARN_RANGE_LOOP_ANALYSIS = YES;
				CLANG_WARN_STRICT_PROTOTYPES = YES;
				CLANG_WARN_SUSPICIOUS_MOVE = YES;
				CLANG_WARN_UNGUARDED_AVAILABILITY = YES_AGGRESSIVE;
				CLANG_WARN_UNREACHABLE_CODE = YES;
				CLANG_WARN__DUPLICATE_METHOD_MATCH = YES;
				CODE_SIGN_IDENTITY = "iPhone Developer";
				COPY_PHASE_STRIP = NO;
				DEBUG_INFORMATION_FORMAT = dwarf;
				ENABLE_STRICT_OBJC_MSGSEND = YES;
				ENABLE_TESTABILITY = YES;
				GCC_C_LANGUAGE_STANDARD = gnu11;
				GCC_DYNAMIC_NO_PIC = NO;
				GCC_NO_COMMON_BLOCKS = YES;
				GCC_OPTIMIZATION_LEVEL = 0;
				GCC_PREPROCESSOR_DEFINITIONS = (
					"DEBUG=1",
					"$(inherited)",
				);
				GCC_WARN_64_TO_32_BIT_CONVERSION = YES;
				GCC_WARN_ABOUT_RETURN_TYPE = YES_ERROR;
				GCC_WARN_UNDECLARED_SELECTOR = YES;
				GCC_WARN_UNINITIALIZED_AUTOS = YES_AGGRESSIVE;
				GCC_WARN_UNUSED_FUNCTION = YES;
				GCC_WARN_UNUSED_VARIABLE = YES;
				IPHONEOS_DEPLOYMENT_TARGET = 11.2;
				MTL_ENABLE_DEBUG_INFO = YES;
				ONLY_ACTIVE_ARCH = YES;
				SDKROOT = iphoneos;
				SWIFT_ACTIVE_COMPILATION_CONDITIONS = DEBUG;
				SWIFT_OPTIMIZATION_LEVEL = "-Onone";
			};
			name = Debug;
		};
		E0E12C422159153B00A28388 /* Release */ = {
			isa = XCBuildConfiguration;
			buildSettings = {
				ALWAYS_SEARCH_USER_PATHS = NO;
				CLANG_ANALYZER_NONNULL = YES;
				CLANG_ANALYZER_NUMBER_OBJECT_CONVERSION = YES_AGGRESSIVE;
				CLANG_CXX_LANGUAGE_STANDARD = "gnu++14";
				CLANG_CXX_LIBRARY = "libc++";
				CLANG_ENABLE_MODULES = YES;
				CLANG_ENABLE_OBJC_ARC = YES;
				CLANG_WARN_BLOCK_CAPTURE_AUTORELEASING = YES;
				CLANG_WARN_BOOL_CONVERSION = YES;
				CLANG_WARN_COMMA = YES;
				CLANG_WARN_CONSTANT_CONVERSION = YES;
				CLANG_WARN_DIRECT_OBJC_ISA_USAGE = YES_ERROR;
				CLANG_WARN_DOCUMENTATION_COMMENTS = YES;
				CLANG_WARN_EMPTY_BODY = YES;
				CLANG_WARN_ENUM_CONVERSION = YES;
				CLANG_WARN_INFINITE_RECURSION = YES;
				CLANG_WARN_INT_CONVERSION = YES;
				CLANG_WARN_NON_LITERAL_NULL_CONVERSION = YES;
				CLANG_WARN_OBJC_LITERAL_CONVERSION = YES;
				CLANG_WARN_OBJC_ROOT_CLASS = YES_ERROR;
				CLANG_WARN_RANGE_LOOP_ANALYSIS = YES;
				CLANG_WARN_STRICT_PROTOTYPES = YES;
				CLANG_WARN_SUSPICIOUS_MOVE = YES;
				CLANG_WARN_UNGUARDED_AVAILABILITY = YES_AGGRESSIVE;
				CLANG_WARN_UNREACHABLE_CODE = YES;
				CLANG_WARN__DUPLICATE_METHOD_MATCH = YES;
				CODE_SIGN_IDENTITY = "iPhone Developer";
				COPY_PHASE_STRIP = NO;
				DEBUG_INFORMATION_FORMAT = "dwarf-with-dsym";
				ENABLE_NS_ASSERTIONS = NO;
				ENABLE_STRICT_OBJC_MSGSEND = YES;
				GCC_C_LANGUAGE_STANDARD = gnu11;
				GCC_NO_COMMON_BLOCKS = YES;
				GCC_WARN_64_TO_32_BIT_CONVERSION = YES;
				GCC_WARN_ABOUT_RETURN_TYPE = YES_ERROR;
				GCC_WARN_UNDECLARED_SELECTOR = YES;
				GCC_WARN_UNINITIALIZED_AUTOS = YES_AGGRESSIVE;
				GCC_WARN_UNUSED_FUNCTION = YES;
				GCC_WARN_UNUSED_VARIABLE = YES;
				IPHONEOS_DEPLOYMENT_TARGET = 11.2;
				MTL_ENABLE_DEBUG_INFO = NO;
				SDKROOT = iphoneos;
				SWIFT_OPTIMIZATION_LEVEL = "-Owholemodule";
				VALIDATE_PRODUCT = YES;
			};
			name = Release;
		};
		E0E12C442159153B00A28388 /* Debug */ = {
			isa = XCBuildConfiguration;
			buildSettings = {
				ASSETCATALOG_COMPILER_APPICON_NAME = AppIcon;
				CODE_SIGN_STYLE = Automatic;
				DEVELOPMENT_TEAM = F4W4AGL336;
				INFOPLIST_FILE = weatherFinder/Info.plist;
				LD_RUNPATH_SEARCH_PATHS = "$(inherited) @executable_path/Frameworks";
				PRODUCT_BUNDLE_IDENTIFIER = com.norse.weatherFinder;
				PRODUCT_NAME = "$(TARGET_NAME)";
				SWIFT_VERSION = 4.0;
				TARGETED_DEVICE_FAMILY = "1,2";
			};
			name = Debug;
		};
		E0E12C452159153B00A28388 /* Release */ = {
			isa = XCBuildConfiguration;
			buildSettings = {
				ASSETCATALOG_COMPILER_APPICON_NAME = AppIcon;
				CODE_SIGN_STYLE = Automatic;
				DEVELOPMENT_TEAM = F4W4AGL336;
				INFOPLIST_FILE = weatherFinder/Info.plist;
				LD_RUNPATH_SEARCH_PATHS = "$(inherited) @executable_path/Frameworks";
				PRODUCT_BUNDLE_IDENTIFIER = com.norse.weatherFinder;
				PRODUCT_NAME = "$(TARGET_NAME)";
				SWIFT_VERSION = 4.0;
				TARGETED_DEVICE_FAMILY = "1,2";
			};
			name = Release;
		};
/* End XCBuildConfiguration section */

/* Begin XCConfigurationList section */
		E0E12C2C2159153B00A28388 /* Build configuration list for PBXProject "weatherFinder" */ = {
			isa = XCConfigurationList;
			buildConfigurations = (
				E0E12C412159153B00A28388 /* Debug */,
				E0E12C422159153B00A28388 /* Release */,
			);
			defaultConfigurationIsVisible = 0;
			defaultConfigurationName = Release;
		};
		E0E12C432159153B00A28388 /* Build configuration list for PBXNativeTarget "weatherFinder" */ = {
			isa = XCConfigurationList;
			buildConfigurations = (
				E0E12C442159153B00A28388 /* Debug */,
				E0E12C452159153B00A28388 /* Release */,
			);
			defaultConfigurationIsVisible = 0;
			defaultConfigurationName = Release;
		};
/* End XCConfigurationList section */
	};
	rootObject = E0E12C292159153B00A28388 /* Project object */;
}
