// !$*UTF8*$!
{
	archiveVersion = 1;
	classes = {
	};
	objectVersion = 46;
	objects = {

/* Begin PBXBuildFile section */
		E015F3C81E646F510054C995 /* ItemCell.swift in Sources */ = {isa = PBXBuildFile; fileRef = E015F3C71E646F510054C995 /* ItemCell.swift */; };
		E015F3CA1E65B57E0054C995 /* DetailViewController.swift in Sources */ = {isa = PBXBuildFile; fileRef = E015F3C91E65B57E0054C995 /* DetailViewController.swift */; };
		E015F3CC1E65CD410054C995 /* CustomTextField.swift in Sources */ = {isa = PBXBuildFile; fileRef = E015F3CB1E65CD410054C995 /* CustomTextField.swift */; };
		E015F3CE1E6614210054C995 /* ImageStore.swift in Sources */ = {isa = PBXBuildFile; fileRef = E015F3CD1E6614210054C995 /* ImageStore.swift */; };
		E0D874BD1E3FD45C007ACC96 /* ItemStore.swift in Sources */ = {isa = PBXBuildFile; fileRef = E0D874BC1E3FD45C007ACC96 /* ItemStore.swift */; };
		E0E3AFF11E369E6A0031A265 /* AppDelegate.swift in Sources */ = {isa = PBXBuildFile; fileRef = E0E3AFF01E369E6A0031A265 /* AppDelegate.swift */; };
		E0E3AFF61E369E6A0031A265 /* Main.storyboard in Resources */ = {isa = PBXBuildFile; fileRef = E0E3AFF41E369E6A0031A265 /* Main.storyboard */; };
		E0E3AFF91E369E6A0031A265 /* Homepwner.xcdatamodeld in Sources */ = {isa = PBXBuildFile; fileRef = E0E3AFF71E369E6A0031A265 /* Homepwner.xcdatamodeld */; };
		E0E3AFFB1E369E6A0031A265 /* Assets.xcassets in Resources */ = {isa = PBXBuildFile; fileRef = E0E3AFFA1E369E6A0031A265 /* Assets.xcassets */; };
		E0E3AFFE1E369E6A0031A265 /* LaunchScreen.storyboard in Resources */ = {isa = PBXBuildFile; fileRef = E0E3AFFC1E369E6A0031A265 /* LaunchScreen.storyboard */; };
		E0E3B0091E369E6A0031A265 /* HomepwnerTests.swift in Sources */ = {isa = PBXBuildFile; fileRef = E0E3B0081E369E6A0031A265 /* HomepwnerTests.swift */; };
		E0E3B0141E369E6A0031A265 /* HomepwnerUITests.swift in Sources */ = {isa = PBXBuildFile; fileRef = E0E3B0131E369E6A0031A265 /* HomepwnerUITests.swift */; };
		E0E3B0221E369FB30031A265 /* ItemsViewController.swift in Sources */ = {isa = PBXBuildFile; fileRef = E0E3B0211E369FB30031A265 /* ItemsViewController.swift */; };
		E0E3B0241E36A0E80031A265 /* Item.swift in Sources */ = {isa = PBXBuildFile; fileRef = E0E3B0231E36A0E80031A265 /* Item.swift */; };
/* End PBXBuildFile section */

/* Begin PBXContainerItemProxy section */
		E0E3B0051E369E6A0031A265 /* PBXContainerItemProxy */ = {
			isa = PBXContainerItemProxy;
			containerPortal = E0E3AFE51E369E6A0031A265 /* Project object */;
			proxyType = 1;
			remoteGlobalIDString = E0E3AFEC1E369E6A0031A265;
			remoteInfo = Homepwner;
		};
		E0E3B0101E369E6A0031A265 /* PBXContainerItemProxy */ = {
			isa = PBXContainerItemProxy;
			containerPortal = E0E3AFE51E369E6A0031A265 /* Project object */;
			proxyType = 1;
			remoteGlobalIDString = E0E3AFEC1E369E6A0031A265;
			remoteInfo = Homepwner;
		};
/* End PBXContainerItemProxy section */

/* Begin PBXFileReference section */
		E015F3C71E646F510054C995 /* ItemCell.swift */ = {isa = PBXFileReference; fileEncoding = 4; lastKnownFileType = sourcecode.swift; path = ItemCell.swift; sourceTree = "<group>"; };
		E015F3C91E65B57E0054C995 /* DetailViewController.swift */ = {isa = PBXFileReference; fileEncoding = 4; lastKnownFileType = sourcecode.swift; path = DetailViewController.swift; sourceTree = "<group>"; };
		E015F3CB1E65CD410054C995 /* CustomTextField.swift */ = {isa = PBXFileReference; fileEncoding = 4; lastKnownFileType = sourcecode.swift; path = CustomTextField.swift; sourceTree = "<group>"; };
		E015F3CD1E6614210054C995 /* ImageStore.swift */ = {isa = PBXFileReference; fileEncoding = 4; lastKnownFileType = sourcecode.swift; path = ImageStore.swift; sourceTree = "<group>"; };
		E0D874BC1E3FD45C007ACC96 /* ItemStore.swift */ = {isa = PBXFileReference; fileEncoding = 4; lastKnownFileType = sourcecode.swift; path = ItemStore.swift; sourceTree = "<group>"; };
		E0E3AFED1E369E6A0031A265 /* Homepwner.app */ = {isa = PBXFileReference; explicitFileType = wrapper.application; includeInIndex = 0; path = Homepwner.app; sourceTree = BUILT_PRODUCTS_DIR; };
		E0E3AFF01E369E6A0031A265 /* AppDelegate.swift */ = {isa = PBXFileReference; lastKnownFileType = sourcecode.swift; path = AppDelegate.swift; sourceTree = "<group>"; };
		E0E3AFF51E369E6A0031A265 /* Base */ = {isa = PBXFileReference; lastKnownFileType = file.storyboard; name = Base; path = Base.lproj/Main.storyboard; sourceTree = "<group>"; };
		E0E3AFF81E369E6A0031A265 /* Homepwner.xcdatamodel */ = {isa = PBXFileReference; lastKnownFileType = wrapper.xcdatamodel; path = Homepwner.xcdatamodel; sourceTree = "<group>"; };
		E0E3AFFA1E369E6A0031A265 /* Assets.xcassets */ = {isa = PBXFileReference; lastKnownFileType = folder.assetcatalog; path = Assets.xcassets; sourceTree = "<group>"; };
		E0E3AFFD1E369E6A0031A265 /* Base */ = {isa = PBXFileReference; lastKnownFileType = file.storyboard; name = Base; path = Base.lproj/LaunchScreen.storyboard; sourceTree = "<group>"; };
		E0E3AFFF1E369E6A0031A265 /* Info.plist */ = {isa = PBXFileReference; lastKnownFileType = text.plist.xml; path = Info.plist; sourceTree = "<group>"; };
		E0E3B0041E369E6A0031A265 /* HomepwnerTests.xctest */ = {isa = PBXFileReference; explicitFileType = wrapper.cfbundle; includeInIndex = 0; path = HomepwnerTests.xctest; sourceTree = BUILT_PRODUCTS_DIR; };
		E0E3B0081E369E6A0031A265 /* HomepwnerTests.swift */ = {isa = PBXFileReference; lastKnownFileType = sourcecode.swift; path = HomepwnerTests.swift; sourceTree = "<group>"; };
		E0E3B00A1E369E6A0031A265 /* Info.plist */ = {isa = PBXFileReference; lastKnownFileType = text.plist.xml; path = Info.plist; sourceTree = "<group>"; };
		E0E3B00F1E369E6A0031A265 /* HomepwnerUITests.xctest */ = {isa = PBXFileReference; explicitFileType = wrapper.cfbundle; includeInIndex = 0; path = HomepwnerUITests.xctest; sourceTree = BUILT_PRODUCTS_DIR; };
		E0E3B0131E369E6A0031A265 /* HomepwnerUITests.swift */ = {isa = PBXFileReference; lastKnownFileType = sourcecode.swift; path = HomepwnerUITests.swift; sourceTree = "<group>"; };
		E0E3B0151E369E6A0031A265 /* Info.plist */ = {isa = PBXFileReference; lastKnownFileType = text.plist.xml; path = Info.plist; sourceTree = "<group>"; };
		E0E3B0211E369FB30031A265 /* ItemsViewController.swift */ = {isa = PBXFileReference; fileEncoding = 4; lastKnownFileType = sourcecode.swift; path = ItemsViewController.swift; sourceTree = "<group>"; };
		E0E3B0231E36A0E80031A265 /* Item.swift */ = {isa = PBXFileReference; fileEncoding = 4; lastKnownFileType = sourcecode.swift; path = Item.swift; sourceTree = "<group>"; };
/* End PBXFileReference section */

/* Begin PBXFrameworksBuildPhase section */
		E0E3AFEA1E369E6A0031A265 /* Frameworks */ = {
			isa = PBXFrameworksBuildPhase;
			buildActionMask = 2147483647;
			files = (
			);
			runOnlyForDeploymentPostprocessing = 0;
		};
		E0E3B0011E369E6A0031A265 /* Frameworks */ = {
			isa = PBXFrameworksBuildPhase;
			buildActionMask = 2147483647;
			files = (
			);
			runOnlyForDeploymentPostprocessing = 0;
		};
		E0E3B00C1E369E6A0031A265 /* Frameworks */ = {
			isa = PBXFrameworksBuildPhase;
			buildActionMask = 2147483647;
			files = (
			);
			runOnlyForDeploymentPostprocessing = 0;
		};
/* End PBXFrameworksBuildPhase section */

/* Begin PBXGroup section */
		E0E3AFE41E369E6A0031A265 = {
			isa = PBXGroup;
			children = (
				E0E3AFEF1E369E6A0031A265 /* Homepwner */,
				E0E3B0071E369E6A0031A265 /* HomepwnerTests */,
				E0E3B0121E369E6A0031A265 /* HomepwnerUITests */,
				E0E3AFEE1E369E6A0031A265 /* Products */,
			);
			sourceTree = "<group>";
		};
		E0E3AFEE1E369E6A0031A265 /* Products */ = {
			isa = PBXGroup;
			children = (
				E0E3AFED1E369E6A0031A265 /* Homepwner.app */,
				E0E3B0041E369E6A0031A265 /* HomepwnerTests.xctest */,
				E0E3B00F1E369E6A0031A265 /* HomepwnerUITests.xctest */,
			);
			name = Products;
			sourceTree = "<group>";
		};
		E0E3AFEF1E369E6A0031A265 /* Homepwner */ = {
			isa = PBXGroup;
			children = (
				E0E3AFF01E369E6A0031A265 /* AppDelegate.swift */,
				E0E3AFF41E369E6A0031A265 /* Main.storyboard */,
				E015F3C91E65B57E0054C995 /* DetailViewController.swift */,
				E015F3CD1E6614210054C995 /* ImageStore.swift */,
				E015F3CB1E65CD410054C995 /* CustomTextField.swift */,
				E0E3B0231E36A0E80031A265 /* Item.swift */,
				E0D874BC1E3FD45C007ACC96 /* ItemStore.swift */,
				E0E3B0211E369FB30031A265 /* ItemsViewController.swift */,
				E015F3C71E646F510054C995 /* ItemCell.swift */,
				E0E3AFFA1E369E6A0031A265 /* Assets.xcassets */,
				E0E3AFFC1E369E6A0031A265 /* LaunchScreen.storyboard */,
				E0E3AFFF1E369E6A0031A265 /* Info.plist */,
				E0E3AFF71E369E6A0031A265 /* Homepwner.xcdatamodeld */,
			);
			path = Homepwner;
			sourceTree = "<group>";
		};
		E0E3B0071E369E6A0031A265 /* HomepwnerTests */ = {
			isa = PBXGroup;
			children = (
				E0E3B0081E369E6A0031A265 /* HomepwnerTests.swift */,
				E0E3B00A1E369E6A0031A265 /* Info.plist */,
			);
			path = HomepwnerTests;
			sourceTree = "<group>";
		};
		E0E3B0121E369E6A0031A265 /* HomepwnerUITests */ = {
			isa = PBXGroup;
			children = (
				E0E3B0131E369E6A0031A265 /* HomepwnerUITests.swift */,
				E0E3B0151E369E6A0031A265 /* Info.plist */,
			);
			path = HomepwnerUITests;
			sourceTree = "<group>";
		};
/* End PBXGroup section */

/* Begin PBXNativeTarget section */
		E0E3AFEC1E369E6A0031A265 /* Homepwner */ = {
			isa = PBXNativeTarget;
			buildConfigurationList = E0E3B0181E369E6A0031A265 /* Build configuration list for PBXNativeTarget "Homepwner" */;
			buildPhases = (
				E0E3AFE91E369E6A0031A265 /* Sources */,
				E0E3AFEA1E369E6A0031A265 /* Frameworks */,
				E0E3AFEB1E369E6A0031A265 /* Resources */,
			);
			buildRules = (
			);
			dependencies = (
			);
			name = Homepwner;
			productName = Homepwner;
			productReference = E0E3AFED1E369E6A0031A265 /* Homepwner.app */;
			productType = "com.apple.product-type.application";
		};
		E0E3B0031E369E6A0031A265 /* HomepwnerTests */ = {
			isa = PBXNativeTarget;
			buildConfigurationList = E0E3B01B1E369E6A0031A265 /* Build configuration list for PBXNativeTarget "HomepwnerTests" */;
			buildPhases = (
				E0E3B0001E369E6A0031A265 /* Sources */,
				E0E3B0011E369E6A0031A265 /* Frameworks */,
				E0E3B0021E369E6A0031A265 /* Resources */,
			);
			buildRules = (
			);
			dependencies = (
				E0E3B0061E369E6A0031A265 /* PBXTargetDependency */,
			);
			name = HomepwnerTests;
			productName = HomepwnerTests;
			productReference = E0E3B0041E369E6A0031A265 /* HomepwnerTests.xctest */;
			productType = "com.apple.product-type.bundle.unit-test";
		};
		E0E3B00E1E369E6A0031A265 /* HomepwnerUITests */ = {
			isa = PBXNativeTarget;
			buildConfigurationList = E0E3B01E1E369E6A0031A265 /* Build configuration list for PBXNativeTarget "HomepwnerUITests" */;
			buildPhases = (
				E0E3B00B1E369E6A0031A265 /* Sources */,
				E0E3B00C1E369E6A0031A265 /* Frameworks */,
				E0E3B00D1E369E6A0031A265 /* Resources */,
			);
			buildRules = (
			);
			dependencies = (
				E0E3B0111E369E6A0031A265 /* PBXTargetDependency */,
			);
			name = HomepwnerUITests;
			productName = HomepwnerUITests;
			productReference = E0E3B00F1E369E6A0031A265 /* HomepwnerUITests.xctest */;
			productType = "com.apple.product-type.bundle.ui-testing";
		};
/* End PBXNativeTarget section */

/* Begin PBXProject section */
		E0E3AFE51E369E6A0031A265 /* Project object */ = {
			isa = PBXProject;
			attributes = {
				LastSwiftUpdateCheck = 0730;
				LastUpgradeCheck = 0730;
				ORGANIZATIONNAME = NorseTechnology;
				TargetAttributes = {
					E0E3AFEC1E369E6A0031A265 = {
						CreatedOnToolsVersion = 7.3.1;
						DevelopmentTeam = F4W4AGL336;
						LastSwiftMigration = 0820;
					};
					E0E3B0031E369E6A0031A265 = {
						CreatedOnToolsVersion = 7.3.1;
						LastSwiftMigration = 0820;
						TestTargetID = E0E3AFEC1E369E6A0031A265;
					};
					E0E3B00E1E369E6A0031A265 = {
						CreatedOnToolsVersion = 7.3.1;
						LastSwiftMigration = 0820;
						TestTargetID = E0E3AFEC1E369E6A0031A265;
					};
				};
			};
			buildConfigurationList = E0E3AFE81E369E6A0031A265 /* Build configuration list for PBXProject "Homepwner" */;
			compatibilityVersion = "Xcode 3.2";
			developmentRegion = English;
			hasScannedForEncodings = 0;
			knownRegions = (
				en,
				Base,
			);
			mainGroup = E0E3AFE41E369E6A0031A265;
			productRefGroup = E0E3AFEE1E369E6A0031A265 /* Products */;
			projectDirPath = "";
			projectRoot = "";
			targets = (
				E0E3AFEC1E369E6A0031A265 /* Homepwner */,
				E0E3B0031E369E6A0031A265 /* HomepwnerTests */,
				E0E3B00E1E369E6A0031A265 /* HomepwnerUITests */,
			);
		};
/* End PBXProject section */

/* Begin PBXResourcesBuildPhase section */
		E0E3AFEB1E369E6A0031A265 /* Resources */ = {
			isa = PBXResourcesBuildPhase;
			buildActionMask = 2147483647;
			files = (
				E0E3AFFE1E369E6A0031A265 /* LaunchScreen.storyboard in Resources */,
				E0E3AFFB1E369E6A0031A265 /* Assets.xcassets in Resources */,
				E0E3AFF61E369E6A0031A265 /* Main.storyboard in Resources */,
			);
			runOnlyForDeploymentPostprocessing = 0;
		};
		E0E3B0021E369E6A0031A265 /* Resources */ = {
			isa = PBXResourcesBuildPhase;
			buildActionMask = 2147483647;
			files = (
			);
			runOnlyForDeploymentPostprocessing = 0;
		};
		E0E3B00D1E369E6A0031A265 /* Resources */ = {
			isa = PBXResourcesBuildPhase;
			buildActionMask = 2147483647;
			files = (
			);
			runOnlyForDeploymentPostprocessing = 0;
		};
/* End PBXResourcesBuildPhase section */

/* Begin PBXSourcesBuildPhase section */
		E0E3AFE91E369E6A0031A265 /* Sources */ = {
			isa = PBXSourcesBuildPhase;
			buildActionMask = 2147483647;
			files = (
				E0E3B0241E36A0E80031A265 /* Item.swift in Sources */,
				E0E3B0221E369FB30031A265 /* ItemsViewController.swift in Sources */,
				E015F3C81E646F510054C995 /* ItemCell.swift in Sources */,
				E0E3AFF91E369E6A0031A265 /* Homepwner.xcdatamodeld in Sources */,
				E015F3CC1E65CD410054C995 /* CustomTextField.swift in Sources */,
				E015F3CE1E6614210054C995 /* ImageStore.swift in Sources */,
				E0D874BD1E3FD45C007ACC96 /* ItemStore.swift in Sources */,
				E0E3AFF11E369E6A0031A265 /* AppDelegate.swift in Sources */,
				E015F3CA1E65B57E0054C995 /* DetailViewController.swift in Sources */,
			);
			runOnlyForDeploymentPostprocessing = 0;
		};
		E0E3B0001E369E6A0031A265 /* Sources */ = {
			isa = PBXSourcesBuildPhase;
			buildActionMask = 2147483647;
			files = (
				E0E3B0091E369E6A0031A265 /* HomepwnerTests.swift in Sources */,
			);
			runOnlyForDeploymentPostprocessing = 0;
		};
		E0E3B00B1E369E6A0031A265 /* Sources */ = {
			isa = PBXSourcesBuildPhase;
			buildActionMask = 2147483647;
			files = (
				E0E3B0141E369E6A0031A265 /* HomepwnerUITests.swift in Sources */,
			);
			runOnlyForDeploymentPostprocessing = 0;
		};
/* End PBXSourcesBuildPhase section */

/* Begin PBXTargetDependency section */
		E0E3B0061E369E6A0031A265 /* PBXTargetDependency */ = {
			isa = PBXTargetDependency;
			target = E0E3AFEC1E369E6A0031A265 /* Homepwner */;
			targetProxy = E0E3B0051E369E6A0031A265 /* PBXContainerItemProxy */;
		};
		E0E3B0111E369E6A0031A265 /* PBXTargetDependency */ = {
			isa = PBXTargetDependency;
			target = E0E3AFEC1E369E6A0031A265 /* Homepwner */;
			targetProxy = E0E3B0101E369E6A0031A265 /* PBXContainerItemProxy */;
		};
/* End PBXTargetDependency section */

/* Begin PBXVariantGroup section */
		E0E3AFF41E369E6A0031A265 /* Main.storyboard */ = {
			isa = PBXVariantGroup;
			children = (
				E0E3AFF51E369E6A0031A265 /* Base */,
			);
			name = Main.storyboard;
			sourceTree = "<group>";
		};
		E0E3AFFC1E369E6A0031A265 /* LaunchScreen.storyboard */ = {
			isa = PBXVariantGroup;
			children = (
				E0E3AFFD1E369E6A0031A265 /* Base */,
			);
			name = LaunchScreen.storyboard;
			sourceTree = "<group>";
		};
/* End PBXVariantGroup section */

/* Begin XCBuildConfiguration section */
		E0E3B0161E369E6A0031A265 /* Debug */ = {
			isa = XCBuildConfiguration;
			buildSettings = {
				ALWAYS_SEARCH_USER_PATHS = NO;
				CLANG_ANALYZER_NONNULL = YES;
				CLANG_CXX_LANGUAGE_STANDARD = "gnu++0x";
				CLANG_CXX_LIBRARY = "libc++";
				CLANG_ENABLE_MODULES = YES;
				CLANG_ENABLE_OBJC_ARC = YES;
				CLANG_WARN_BOOL_CONVERSION = YES;
				CLANG_WARN_CONSTANT_CONVERSION = YES;
				CLANG_WARN_DIRECT_OBJC_ISA_USAGE = YES_ERROR;
				CLANG_WARN_EMPTY_BODY = YES;
				CLANG_WARN_ENUM_CONVERSION = YES;
				CLANG_WARN_INT_CONVERSION = YES;
				CLANG_WARN_OBJC_ROOT_CLASS = YES_ERROR;
				CLANG_WARN_UNREACHABLE_CODE = YES;
				CLANG_WARN__DUPLICATE_METHOD_MATCH = YES;
				"CODE_SIGN_IDENTITY[sdk=iphoneos*]" = "iPhone Developer";
				COPY_PHASE_STRIP = NO;
				DEBUG_INFORMATION_FORMAT = dwarf;
				ENABLE_STRICT_OBJC_MSGSEND = YES;
				ENABLE_TESTABILITY = YES;
				GCC_C_LANGUAGE_STANDARD = gnu99;
				GCC_DYNAMIC_NO_PIC = NO;
				GCC_NO_COMMON_BLOCKS = YES;
				GCC_OPTIMIZATION_LEVEL = 0;
				GCC_PREPROCESSOR_DEFINITIONS = (
					"DEBUG=1",
					"$(inherited)",
				);
				GCC_WARN_64_TO_32_BIT_CONVERSION = YES;
				GCC_WARN_ABOUT_RETURN_TYPE = YES_ERROR;
				GCC_WARN_UNDECLARED_SELECTOR = YES;
				GCC_WARN_UNINITIALIZED_AUTOS = YES_AGGRESSIVE;
				GCC_WARN_UNUSED_FUNCTION = YES;
				GCC_WARN_UNUSED_VARIABLE = YES;
				IPHONEOS_DEPLOYMENT_TARGET = 9.3;
				MTL_ENABLE_DEBUG_INFO = YES;
				ONLY_ACTIVE_ARCH = YES;
				SDKROOT = iphoneos;
				SWIFT_OPTIMIZATION_LEVEL = "-Onone";
			};
			name = Debug;
		};
		E0E3B0171E369E6A0031A265 /* Release */ = {
			isa = XCBuildConfiguration;
			buildSettings = {
				ALWAYS_SEARCH_USER_PATHS = NO;
				CLANG_ANALYZER_NONNULL = YES;
				CLANG_CXX_LANGUAGE_STANDARD = "gnu++0x";
				CLANG_CXX_LIBRARY = "libc++";
				CLANG_ENABLE_MODULES = YES;
				CLANG_ENABLE_OBJC_ARC = YES;
				CLANG_WARN_BOOL_CONVERSION = YES;
				CLANG_WARN_CONSTANT_CONVERSION = YES;
				CLANG_WARN_DIRECT_OBJC_ISA_USAGE = YES_ERROR;
				CLANG_WARN_EMPTY_BODY = YES;
				CLANG_WARN_ENUM_CONVERSION = YES;
				CLANG_WARN_INT_CONVERSION = YES;
				CLANG_WARN_OBJC_ROOT_CLASS = YES_ERROR;
				CLANG_WARN_UNREACHABLE_CODE = YES;
				CLANG_WARN__DUPLICATE_METHOD_MATCH = YES;
				"CODE_SIGN_IDENTITY[sdk=iphoneos*]" = "iPhone Developer";
				COPY_PHASE_STRIP = NO;
				DEBUG_INFORMATION_FORMAT = "dwarf-with-dsym";
				ENABLE_NS_ASSERTIONS = NO;
				ENABLE_STRICT_OBJC_MSGSEND = YES;
				GCC_C_LANGUAGE_STANDARD = gnu99;
				GCC_NO_COMMON_BLOCKS = YES;
				GCC_WARN_64_TO_32_BIT_CONVERSION = YES;
				GCC_WARN_ABOUT_RETURN_TYPE = YES_ERROR;
				GCC_WARN_UNDECLARED_SELECTOR = YES;
				GCC_WARN_UNINITIALIZED_AUTOS = YES_AGGRESSIVE;
				GCC_WARN_UNUSED_FUNCTION = YES;
				GCC_WARN_UNUSED_VARIABLE = YES;
				IPHONEOS_DEPLOYMENT_TARGET = 9.3;
				MTL_ENABLE_DEBUG_INFO = NO;
				SDKROOT = iphoneos;
				VALIDATE_PRODUCT = YES;
			};
			name = Release;
		};
		E0E3B0191E369E6A0031A265 /* Debug */ = {
			isa = XCBuildConfiguration;
			buildSettings = {
				ASSETCATALOG_COMPILER_APPICON_NAME = AppIcon;
				CODE_SIGN_IDENTITY = "iPhone Developer";
				"CODE_SIGN_IDENTITY[sdk=iphoneos*]" = "iPhone Developer";
				INFOPLIST_FILE = Homepwner/Info.plist;
				LD_RUNPATH_SEARCH_PATHS = "$(inherited) @executable_path/Frameworks";
				PRODUCT_BUNDLE_IDENTIFIER = com.norse.Homepwner;
				PRODUCT_NAME = "$(TARGET_NAME)";
				PROVISIONING_PROFILE = "";
				SWIFT_VERSION = 3.0;
			};
			name = Debug;
		};
		E0E3B01A1E369E6A0031A265 /* Release */ = {
			isa = XCBuildConfiguration;
			buildSettings = {
				ASSETCATALOG_COMPILER_APPICON_NAME = AppIcon;
				CODE_SIGN_IDENTITY = "iPhone Developer";
				"CODE_SIGN_IDENTITY[sdk=iphoneos*]" = "iPhone Developer";
				INFOPLIST_FILE = Homepwner/Info.plist;
				LD_RUNPATH_SEARCH_PATHS = "$(inherited) @executable_path/Frameworks";
				PRODUCT_BUNDLE_IDENTIFIER = com.norse.Homepwner;
				PRODUCT_NAME = "$(TARGET_NAME)";
				PROVISIONING_PROFILE = "";
				SWIFT_VERSION = 3.0;
			};
			name = Release;
		};
		E0E3B01C1E369E6A0031A265 /* Debug */ = {
			isa = XCBuildConfiguration;
			buildSettings = {
				BUNDLE_LOADER = "$(TEST_HOST)";
				INFOPLIST_FILE = HomepwnerTests/Info.plist;
				LD_RUNPATH_SEARCH_PATHS = "$(inherited) @executable_path/Frameworks @loader_path/Frameworks";
				PRODUCT_BUNDLE_IDENTIFIER = com.norse.HomepwnerTests;
				PRODUCT_NAME = "$(TARGET_NAME)";
				SWIFT_VERSION = 3.0;
				TEST_HOST = "$(BUILT_PRODUCTS_DIR)/Homepwner.app/Homepwner";
			};
			name = Debug;
		};
		E0E3B01D1E369E6A0031A265 /* Release */ = {
			isa = XCBuildConfiguration;
			buildSettings = {
				BUNDLE_LOADER = "$(TEST_HOST)";
				INFOPLIST_FILE = HomepwnerTests/Info.plist;
				LD_RUNPATH_SEARCH_PATHS = "$(inherited) @executable_path/Frameworks @loader_path/Frameworks";
				PRODUCT_BUNDLE_IDENTIFIER = com.norse.HomepwnerTests;
				PRODUCT_NAME = "$(TARGET_NAME)";
				SWIFT_VERSION = 3.0;
				TEST_HOST = "$(BUILT_PRODUCTS_DIR)/Homepwner.app/Homepwner";
			};
			name = Release;
		};
		E0E3B01F1E369E6A0031A265 /* Debug */ = {
			isa = XCBuildConfiguration;
			buildSettings = {
				INFOPLIST_FILE = HomepwnerUITests/Info.plist;
				LD_RUNPATH_SEARCH_PATHS = "$(inherited) @executable_path/Frameworks @loader_path/Frameworks";
				PRODUCT_BUNDLE_IDENTIFIER = com.norse.HomepwnerUITests;
				PRODUCT_NAME = "$(TARGET_NAME)";
				SWIFT_VERSION = 3.0;
				TEST_TARGET_NAME = Homepwner;
			};
			name = Debug;
		};
		E0E3B0201E369E6A0031A265 /* Release */ = {
			isa = XCBuildConfiguration;
			buildSettings = {
				INFOPLIST_FILE = HomepwnerUITests/Info.plist;
				LD_RUNPATH_SEARCH_PATHS = "$(inherited) @executable_path/Frameworks @loader_path/Frameworks";
				PRODUCT_BUNDLE_IDENTIFIER = com.norse.HomepwnerUITests;
				PRODUCT_NAME = "$(TARGET_NAME)";
				SWIFT_VERSION = 3.0;
				TEST_TARGET_NAME = Homepwner;
			};
			name = Release;
		};
/* End XCBuildConfiguration section */

/* Begin XCConfigurationList section */
		E0E3AFE81E369E6A0031A265 /* Build configuration list for PBXProject "Homepwner" */ = {
			isa = XCConfigurationList;
			buildConfigurations = (
				E0E3B0161E369E6A0031A265 /* Debug */,
				E0E3B0171E369E6A0031A265 /* Release */,
			);
			defaultConfigurationIsVisible = 0;
			defaultConfigurationName = Release;
		};
		E0E3B0181E369E6A0031A265 /* Build configuration list for PBXNativeTarget "Homepwner" */ = {
			isa = XCConfigurationList;
			buildConfigurations = (
				E0E3B0191E369E6A0031A265 /* Debug */,
				E0E3B01A1E369E6A0031A265 /* Release */,
			);
			defaultConfigurationIsVisible = 0;
			defaultConfigurationName = Release;
		};
		E0E3B01B1E369E6A0031A265 /* Build configuration list for PBXNativeTarget "HomepwnerTests" */ = {
			isa = XCConfigurationList;
			buildConfigurations = (
				E0E3B01C1E369E6A0031A265 /* Debug */,
				E0E3B01D1E369E6A0031A265 /* Release */,
			);
			defaultConfigurationIsVisible = 0;
			defaultConfigurationName = Release;
		};
		E0E3B01E1E369E6A0031A265 /* Build configuration list for PBXNativeTarget "HomepwnerUITests" */ = {
			isa = XCConfigurationList;
			buildConfigurations = (
				E0E3B01F1E369E6A0031A265 /* Debug */,
				E0E3B0201E369E6A0031A265 /* Release */,
			);
			defaultConfigurationIsVisible = 0;
			defaultConfigurationName = Release;
		};
/* End XCConfigurationList section */

/* Begin XCVersionGroup section */
		E0E3AFF71E369E6A0031A265 /* Homepwner.xcdatamodeld */ = {
			isa = XCVersionGroup;
			children = (
				E0E3AFF81E369E6A0031A265 /* Homepwner.xcdatamodel */,
			);
			currentVersion = E0E3AFF81E369E6A0031A265 /* Homepwner.xcdatamodel */;
			path = Homepwner.xcdatamodeld;
			sourceTree = "<group>";
			versionGroupType = wrapper.xcdatamodel;
		};
/* End XCVersionGroup section */
	};
	rootObject = E0E3AFE51E369E6A0031A265 /* Project object */;
}
